
Microsoft Visual Studio Solution File, Format Version 12.00
# Visual Studio 15
VisualStudioVersion = 15.0.28307.421
MinimumVisualStudioVersion = 10.0.40219.1
Project("{FAE04EC0-301F-11D3-BF4B-00C04F79EFBC}") = "ProductosClientes", "ProductosClientes\ProductosClientes.csproj", "{3CCA5782-DCD0-4AEA-B441-FF23664EE5FE}"
EndProject
Global
	GlobalSection(SolutionConfigurationPlatforms) = preSolution
		Debug|Any CPU = Debug|Any CPU
		Release|Any CPU = Release|Any CPU
	EndGlobalSection
	GlobalSection(ProjectConfigurationPlatforms) = postSolution
		{3CCA5782-DCD0-4AEA-B441-FF23664EE5FE}.Debug|Any CPU.ActiveCfg = Debug|Any CPU
		{3CCA5782-DCD0-4AEA-B441-FF23664EE5FE}.Debug|Any CPU.Build.0 = Debug|Any CPU
		{3CCA5782-DCD0-4AEA-B441-FF23664EE5FE}.Release|Any CPU.ActiveCfg = Release|Any CPU
		{3CCA5782-DCD0-4AEA-B441-FF23664EE5FE}.Release|Any CPU.Build.0 = Release|Any CPU
	EndGlobalSection
	GlobalSection(SolutionProperties) = preSolution
		HideSolutionNode = FALSE
	EndGlobalSection
	GlobalSection(ExtensibilityGlobals) = postSolution
		SolutionGuid = {B41825F7-3AAC-4878-8C75-A4ADF225AF46}
	EndGlobalSection
EndGlobal
